
Microsoft Visual Studio Solution File, Format Version 12.00
# Visual Studio 15
VisualStudioVersion = 15.0.28307.539
MinimumVisualStudioVersion = 10.0.40219.1
Project("{FAE04EC0-301F-11D3-BF4B-00C04F79EFBC}") = "COMP123-S2019-Lesson11B", "COMP123-S2019-Lesson11B\COMP123-S2019-Lesson11B.csproj", "{A66F6195-66F6-4E6B-B608-9A67AD5244F3}"
EndProject
Global
	GlobalSection(SolutionConfigurationPlatforms) = preSolution
		Debug|Any CPU = Debug|Any CPU
		Release|Any CPU = Release|Any CPU
	EndGlobalSection
	GlobalSection(ProjectConfigurationPlatforms) = postSolution
		{A66F6195-66F6-4E6B-B608-9A67AD5244F3}.Debug|Any CPU.ActiveCfg = Debug|Any CPU
		{A66F6195-66F6-4E6B-B608-9A67AD5244F3}.Debug|Any CPU.Build.0 = Debug|Any CPU
		{A66F6195-66F6-4E6B-B608-9A67AD5244F3}.Release|Any CPU.ActiveCfg = Release|Any CPU
		{A66F6195-66F6-4E6B-B608-9A67AD5244F3}.Release|Any CPU.Build.0 = Release|Any CPU
	EndGlobalSection
	GlobalSection(SolutionProperties) = preSolution
		HideSolutionNode = FALSE
	EndGlobalSection
	GlobalSection(ExtensibilityGlobals) = postSolution
		SolutionGuid = {BAFC000F-702B-4260-AC3F-60A3BA4E3D26}
	EndGlobalSection
EndGlobal
